// !$*UTF8*$!
{
	archiveVersion = 1;
	classes = {
	};
	objectVersion = 46;
	objects = {

/* Begin PBXBuildFile section */
		F90EB3A51D51D3EF00CCDD8D /* Undergraduate.m in Sources */ = {isa = PBXBuildFile; fileRef = F90EB3A41D51D3EF00CCDD8D /* Undergraduate.m */; };
		F90EB3A81D51D49F00CCDD8D /* Volenteer.m in Sources */ = {isa = PBXBuildFile; fileRef = F90EB3A71D51D49F00CCDD8D /* Volenteer.m */; };
		F90EB3AF1D51D5A300CCDD8D /* UndergraduateFactory.m in Sources */ = {isa = PBXBuildFile; fileRef = F90EB3AE1D51D5A300CCDD8D /* UndergraduateFactory.m */; };
		F90EB3B21D51D67600CCDD8D /* VolenteerFactory.m in Sources */ = {isa = PBXBuildFile; fileRef = F90EB3B11D51D67600CCDD8D /* VolenteerFactory.m */; };
		F90EB3B51D51D75C00CCDD8D /* FactoryMethodClient.m in Sources */ = {isa = PBXBuildFile; fileRef = F90EB3B41D51D75C00CCDD8D /* FactoryMethodClient.m */; };
		F90EB3BB1D51E69600CCDD8D /* User.m in Sources */ = {isa = PBXBuildFile; fileRef = F90EB3BA1D51E69600CCDD8D /* User.m */; };
		F90EB3C11D51E6B300CCDD8D /* Department.m in Sources */ = {isa = PBXBuildFile; fileRef = F90EB3C01D51E6B300CCDD8D /* Department.m */; };
		F90EB3C51D51E7FA00CCDD8D /* SqlServerUser.m in Sources */ = {isa = PBXBuildFile; fileRef = F90EB3C41D51E7FA00CCDD8D /* SqlServerUser.m */; };
		F90EB3C81D51E82100CCDD8D /* AccessUser.m in Sources */ = {isa = PBXBuildFile; fileRef = F90EB3C71D51E82100CCDD8D /* AccessUser.m */; };
		F90EB3CB1D51E93D00CCDD8D /* SqlServerDepartment.m in Sources */ = {isa = PBXBuildFile; fileRef = F90EB3CA1D51E93D00CCDD8D /* SqlServerDepartment.m */; };
		F90EB3CE1D51E94C00CCDD8D /* AccessDepartment.m in Sources */ = {isa = PBXBuildFile; fileRef = F90EB3CD1D51E94C00CCDD8D /* AccessDepartment.m */; };
		F90EB3D11D51EA8F00CCDD8D /* SqlServerFactory.m in Sources */ = {isa = PBXBuildFile; fileRef = F90EB3D01D51EA8F00CCDD8D /* SqlServerFactory.m */; };
		F90EB3D41D51EA9B00CCDD8D /* AccessFactory.m in Sources */ = {isa = PBXBuildFile; fileRef = F90EB3D31D51EA9B00CCDD8D /* AccessFactory.m */; };
		F90EB3D71D51ED4900CCDD8D /* DataAccess.m in Sources */ = {isa = PBXBuildFile; fileRef = F90EB3D61D51ED4900CCDD8D /* DataAccess.m */; };
		F96F12601D542AD60083195D /* Product.m in Sources */ = {isa = PBXBuildFile; fileRef = F96F125F1D542AD60083195D /* Product.m */; };
		F96F12641D542C650083195D /* ConcreteBuilder1.m in Sources */ = {isa = PBXBuildFile; fileRef = F96F12631D542C650083195D /* ConcreteBuilder1.m */; };
		F96F12671D542D990083195D /* ConcreteBuilder2.m in Sources */ = {isa = PBXBuildFile; fileRef = F96F12661D542D990083195D /* ConcreteBuilder2.m */; };
		F96F126A1D542E3B0083195D /* Director.m in Sources */ = {isa = PBXBuildFile; fileRef = F96F12691D542E3B0083195D /* Director.m */; };
		F96F126D1D542ECD0083195D /* BuilderClient.m in Sources */ = {isa = PBXBuildFile; fileRef = F96F126C1D542ECD0083195D /* BuilderClient.m */; };
		F96F12711D547B950083195D /* Target.m in Sources */ = {isa = PBXBuildFile; fileRef = F96F12701D547B950083195D /* Target.m */; };
		F96F12741D547BD30083195D /* Adaptee.m in Sources */ = {isa = PBXBuildFile; fileRef = F96F12731D547BD30083195D /* Adaptee.m */; };
		F96F127A1D547C230083195D /* Adapter.m in Sources */ = {isa = PBXBuildFile; fileRef = F96F12791D547C230083195D /* Adapter.m */; };
		F96F127D1D547CAC0083195D /* AdapterClient.m in Sources */ = {isa = PBXBuildFile; fileRef = F96F127C1D547CAC0083195D /* AdapterClient.m */; };
		F9D68C201D506D44002E60A0 /* main.m in Sources */ = {isa = PBXBuildFile; fileRef = F9D68C1F1D506D44002E60A0 /* main.m */; };
		F9D68C231D506D44002E60A0 /* AppDelegate.m in Sources */ = {isa = PBXBuildFile; fileRef = F9D68C221D506D44002E60A0 /* AppDelegate.m */; };
		F9D68C261D506D44002E60A0 /* ViewController.m in Sources */ = {isa = PBXBuildFile; fileRef = F9D68C251D506D44002E60A0 /* ViewController.m */; };
		F9D68C291D506D44002E60A0 /* Main.storyboard in Resources */ = {isa = PBXBuildFile; fileRef = F9D68C271D506D44002E60A0 /* Main.storyboard */; };
		F9D68C2B1D506D44002E60A0 /* Assets.xcassets in Resources */ = {isa = PBXBuildFile; fileRef = F9D68C2A1D506D44002E60A0 /* Assets.xcassets */; };
		F9D68C2E1D506D44002E60A0 /* LaunchScreen.storyboard in Resources */ = {isa = PBXBuildFile; fileRef = F9D68C2C1D506D44002E60A0 /* LaunchScreen.storyboard */; };
		F9D68C381D506DB7002E60A0 /* Operation.m in Sources */ = {isa = PBXBuildFile; fileRef = F9D68C371D506DB7002E60A0 /* Operation.m */; };
		F9D68C3B1D506FF1002E60A0 /* OperationAdd.m in Sources */ = {isa = PBXBuildFile; fileRef = F9D68C3A1D506FF1002E60A0 /* OperationAdd.m */; };
		F9D68C3E1D507046002E60A0 /* OperationSub.m in Sources */ = {isa = PBXBuildFile; fileRef = F9D68C3D1D507046002E60A0 /* OperationSub.m */; };
		F9D68C411D50706A002E60A0 /* OperationMul.m in Sources */ = {isa = PBXBuildFile; fileRef = F9D68C401D50706A002E60A0 /* OperationMul.m */; };
		F9D68C441D5070AD002E60A0 /* OperationDiv.m in Sources */ = {isa = PBXBuildFile; fileRef = F9D68C431D5070AD002E60A0 /* OperationDiv.m */; };
		F9D68C471D507126002E60A0 /* OperationFactory.m in Sources */ = {isa = PBXBuildFile; fileRef = F9D68C461D507126002E60A0 /* OperationFactory.m */; };
		F9D68C4A1D50737C002E60A0 /* SampleFactroyClient.m in Sources */ = {isa = PBXBuildFile; fileRef = F9D68C491D50737C002E60A0 /* SampleFactroyClient.m */; };
		F9F488321D52E09E0029EFB9 /* Singleton.m in Sources */ = {isa = PBXBuildFile; fileRef = F9F488311D52E09E0029EFB9 /* Singleton.m */; };
		F9F488361D53163B0029EFB9 /* WorkExperience.m in Sources */ = {isa = PBXBuildFile; fileRef = F9F488351D53163B0029EFB9 /* WorkExperience.m */; };
		F9F488391D5317F80029EFB9 /* Resume.m in Sources */ = {isa = PBXBuildFile; fileRef = F9F488381D5317F80029EFB9 /* Resume.m */; };
		F9F4883C1D531B030029EFB9 /* ProtoTypeClient.m in Sources */ = {isa = PBXBuildFile; fileRef = F9F4883B1D531B030029EFB9 /* ProtoTypeClient.m */; };
/* End PBXBuildFile section */

/* Begin PBXFileReference section */
		F90EB3A21D51D3AA00CCDD8D /* LeiFeng.h */ = {isa = PBXFileReference; fileEncoding = 4; lastKnownFileType = sourcecode.c.h; path = LeiFeng.h; sourceTree = "<group>"; };
		F90EB3A31D51D3EF00CCDD8D /* Undergraduate.h */ = {isa = PBXFileReference; fileEncoding = 4; lastKnownFileType = sourcecode.c.h; path = Undergraduate.h; sourceTree = "<group>"; };
		F90EB3A41D51D3EF00CCDD8D /* Undergraduate.m */ = {isa = PBXFileReference; fileEncoding = 4; lastKnownFileType = sourcecode.c.objc; path = Undergraduate.m; sourceTree = "<group>"; };
		F90EB3A61D51D49F00CCDD8D /* Volenteer.h */ = {isa = PBXFileReference; fileEncoding = 4; lastKnownFileType = sourcecode.c.h; path = Volenteer.h; sourceTree = "<group>"; };
		F90EB3A71D51D49F00CCDD8D /* Volenteer.m */ = {isa = PBXFileReference; fileEncoding = 4; lastKnownFileType = sourcecode.c.objc; path = Volenteer.m; sourceTree = "<group>"; };
		F90EB3AC1D51D55700CCDD8D /* LeiFengFactory.h */ = {isa = PBXFileReference; fileEncoding = 4; lastKnownFileType = sourcecode.c.h; path = LeiFengFactory.h; sourceTree = "<group>"; };
		F90EB3AD1D51D5A300CCDD8D /* UndergraduateFactory.h */ = {isa = PBXFileReference; fileEncoding = 4; lastKnownFileType = sourcecode.c.h; path = UndergraduateFactory.h; sourceTree = "<group>"; };
		F90EB3AE1D51D5A300CCDD8D /* UndergraduateFactory.m */ = {isa = PBXFileReference; fileEncoding = 4; lastKnownFileType = sourcecode.c.objc; path = UndergraduateFactory.m; sourceTree = "<group>"; };
		F90EB3B01D51D67600CCDD8D /* VolenteerFactory.h */ = {isa = PBXFileReference; fileEncoding = 4; lastKnownFileType = sourcecode.c.h; path = VolenteerFactory.h; sourceTree = "<group>"; };
		F90EB3B11D51D67600CCDD8D /* VolenteerFactory.m */ = {isa = PBXFileReference; fileEncoding = 4; lastKnownFileType = sourcecode.c.objc; path = VolenteerFactory.m; sourceTree = "<group>"; };
		F90EB3B31D51D75C00CCDD8D /* FactoryMethodClient.h */ = {isa = PBXFileReference; fileEncoding = 4; lastKnownFileType = sourcecode.c.h; path = FactoryMethodClient.h; sourceTree = "<group>"; };
		F90EB3B41D51D75C00CCDD8D /* FactoryMethodClient.m */ = {isa = PBXFileReference; fileEncoding = 4; lastKnownFileType = sourcecode.c.objc; path = FactoryMethodClient.m; sourceTree = "<group>"; };
		F90EB3B71D51E5F100CCDD8D /* IFactory.h */ = {isa = PBXFileReference; fileEncoding = 4; lastKnownFileType = sourcecode.c.h; path = IFactory.h; sourceTree = "<group>"; };
		F90EB3B81D51E61B00CCDD8D /* IUser.h */ = {isa = PBXFileReference; fileEncoding = 4; lastKnownFileType = sourcecode.c.h; path = IUser.h; sourceTree = "<group>"; };
		F90EB3B91D51E69600CCDD8D /* User.h */ = {isa = PBXFileReference; fileEncoding = 4; lastKnownFileType = sourcecode.c.h; path = User.h; sourceTree = "<group>"; };
		F90EB3BA1D51E69600CCDD8D /* User.m */ = {isa = PBXFileReference; fileEncoding = 4; lastKnownFileType = sourcecode.c.objc; path = User.m; sourceTree = "<group>"; };
		F90EB3BF1D51E6B300CCDD8D /* Department.h */ = {isa = PBXFileReference; fileEncoding = 4; lastKnownFileType = sourcecode.c.h; path = Department.h; sourceTree = "<group>"; };
		F90EB3C01D51E6B300CCDD8D /* Department.m */ = {isa = PBXFileReference; fileEncoding = 4; lastKnownFileType = sourcecode.c.objc; path = Department.m; sourceTree = "<group>"; };
		F90EB3C21D51E75E00CCDD8D /* IDepartment.h */ = {isa = PBXFileReference; fileEncoding = 4; lastKnownFileType = sourcecode.c.h; path = IDepartment.h; sourceTree = "<group>"; };
		F90EB3C31D51E7FA00CCDD8D /* SqlServerUser.h */ = {isa = PBXFileReference; fileEncoding = 4; lastKnownFileType = sourcecode.c.h; path = SqlServerUser.h; sourceTree = "<group>"; };
		F90EB3C41D51E7FA00CCDD8D /* SqlServerUser.m */ = {isa = PBXFileReference; fileEncoding = 4; lastKnownFileType = sourcecode.c.objc; path = SqlServerUser.m; sourceTree = "<group>"; };
		F90EB3C61D51E82100CCDD8D /* AccessUser.h */ = {isa = PBXFileReference; fileEncoding = 4; lastKnownFileType = sourcecode.c.h; path = AccessUser.h; sourceTree = "<group>"; };
		F90EB3C71D51E82100CCDD8D /* AccessUser.m */ = {isa = PBXFileReference; fileEncoding = 4; lastKnownFileType = sourcecode.c.objc; path = AccessUser.m; sourceTree = "<group>"; };
		F90EB3C91D51E93D00CCDD8D /* SqlServerDepartment.h */ = {isa = PBXFileReference; fileEncoding = 4; lastKnownFileType = sourcecode.c.h; path = SqlServerDepartment.h; sourceTree = "<group>"; };
		F90EB3CA1D51E93D00CCDD8D /* SqlServerDepartment.m */ = {isa = PBXFileReference; fileEncoding = 4; lastKnownFileType = sourcecode.c.objc; path = SqlServerDepartment.m; sourceTree = "<group>"; };
		F90EB3CC1D51E94C00CCDD8D /* AccessDepartment.h */ = {isa = PBXFileReference; fileEncoding = 4; lastKnownFileType = sourcecode.c.h; path = AccessDepartment.h; sourceTree = "<group>"; };
		F90EB3CD1D51E94C00CCDD8D /* AccessDepartment.m */ = {isa = PBXFileReference; fileEncoding = 4; lastKnownFileType = sourcecode.c.objc; path = AccessDepartment.m; sourceTree = "<group>"; };
		F90EB3CF1D51EA8F00CCDD8D /* SqlServerFactory.h */ = {isa = PBXFileReference; fileEncoding = 4; lastKnownFileType = sourcecode.c.h; path = SqlServerFactory.h; sourceTree = "<group>"; };
		F90EB3D01D51EA8F00CCDD8D /* SqlServerFactory.m */ = {isa = PBXFileReference; fileEncoding = 4; lastKnownFileType = sourcecode.c.objc; path = SqlServerFactory.m; sourceTree = "<group>"; };
		F90EB3D21D51EA9B00CCDD8D /* AccessFactory.h */ = {isa = PBXFileReference; fileEncoding = 4; lastKnownFileType = sourcecode.c.h; path = AccessFactory.h; sourceTree = "<group>"; };
		F90EB3D31D51EA9B00CCDD8D /* AccessFactory.m */ = {isa = PBXFileReference; fileEncoding = 4; lastKnownFileType = sourcecode.c.objc; path = AccessFactory.m; sourceTree = "<group>"; };
		F90EB3D51D51ED4900CCDD8D /* DataAccess.h */ = {isa = PBXFileReference; fileEncoding = 4; lastKnownFileType = sourcecode.c.h; path = DataAccess.h; sourceTree = "<group>"; };
		F90EB3D61D51ED4900CCDD8D /* DataAccess.m */ = {isa = PBXFileReference; fileEncoding = 4; lastKnownFileType = sourcecode.c.objc; path = DataAccess.m; sourceTree = "<group>"; };
		F96F125E1D542AD60083195D /* Product.h */ = {isa = PBXFileReference; fileEncoding = 4; lastKnownFileType = sourcecode.c.h; path = Product.h; sourceTree = "<group>"; };
		F96F125F1D542AD60083195D /* Product.m */ = {isa = PBXFileReference; fileEncoding = 4; lastKnownFileType = sourcecode.c.objc; path = Product.m; sourceTree = "<group>"; };
		F96F12611D542BD90083195D /* Builder.h */ = {isa = PBXFileReference; fileEncoding = 4; lastKnownFileType = sourcecode.c.h; path = Builder.h; sourceTree = "<group>"; };
		F96F12621D542C650083195D /* ConcreteBuilder1.h */ = {isa = PBXFileReference; fileEncoding = 4; lastKnownFileType = sourcecode.c.h; path = ConcreteBuilder1.h; sourceTree = "<group>"; };
		F96F12631D542C650083195D /* ConcreteBuilder1.m */ = {isa = PBXFileReference; fileEncoding = 4; lastKnownFileType = sourcecode.c.objc; path = ConcreteBuilder1.m; sourceTree = "<group>"; };
		F96F12651D542D990083195D /* ConcreteBuilder2.h */ = {isa = PBXFileReference; fileEncoding = 4; lastKnownFileType = sourcecode.c.h; path = ConcreteBuilder2.h; sourceTree = "<group>"; };
		F96F12661D542D990083195D /* ConcreteBuilder2.m */ = {isa = PBXFileReference; fileEncoding = 4; lastKnownFileType = sourcecode.c.objc; path = ConcreteBuilder2.m; sourceTree = "<group>"; };
		F96F12681D542E3B0083195D /* Director.h */ = {isa = PBXFileReference; fileEncoding = 4; lastKnownFileType = sourcecode.c.h; path = Director.h; sourceTree = "<group>"; };
		F96F12691D542E3B0083195D /* Director.m */ = {isa = PBXFileReference; fileEncoding = 4; lastKnownFileType = sourcecode.c.objc; path = Director.m; sourceTree = "<group>"; };
		F96F126B1D542ECD0083195D /* BuilderClient.h */ = {isa = PBXFileReference; fileEncoding = 4; lastKnownFileType = sourcecode.c.h; path = BuilderClient.h; sourceTree = "<group>"; };
		F96F126C1D542ECD0083195D /* BuilderClient.m */ = {isa = PBXFileReference; fileEncoding = 4; lastKnownFileType = sourcecode.c.objc; path = BuilderClient.m; sourceTree = "<group>"; };
		F96F126F1D547B950083195D /* Target.h */ = {isa = PBXFileReference; fileEncoding = 4; lastKnownFileType = sourcecode.c.h; path = Target.h; sourceTree = "<group>"; };
		F96F12701D547B950083195D /* Target.m */ = {isa = PBXFileReference; fileEncoding = 4; lastKnownFileType = sourcecode.c.objc; path = Target.m; sourceTree = "<group>"; };
		F96F12721D547BD30083195D /* Adaptee.h */ = {isa = PBXFileReference; fileEncoding = 4; lastKnownFileType = sourcecode.c.h; path = Adaptee.h; sourceTree = "<group>"; };
		F96F12731D547BD30083195D /* Adaptee.m */ = {isa = PBXFileReference; fileEncoding = 4; lastKnownFileType = sourcecode.c.objc; path = Adaptee.m; sourceTree = "<group>"; };
		F96F12781D547C230083195D /* Adapter.h */ = {isa = PBXFileReference; fileEncoding = 4; lastKnownFileType = sourcecode.c.h; path = Adapter.h; sourceTree = "<group>"; };
		F96F12791D547C230083195D /* Adapter.m */ = {isa = PBXFileReference; fileEncoding = 4; lastKnownFileType = sourcecode.c.objc; path = Adapter.m; sourceTree = "<group>"; };
		F96F127B1D547CAC0083195D /* AdapterClient.h */ = {isa = PBXFileReference; fileEncoding = 4; lastKnownFileType = sourcecode.c.h; path = AdapterClient.h; sourceTree = "<group>"; };
		F96F127C1D547CAC0083195D /* AdapterClient.m */ = {isa = PBXFileReference; fileEncoding = 4; lastKnownFileType = sourcecode.c.objc; path = AdapterClient.m; sourceTree = "<group>"; };
		F9D68C1B1D506D44002E60A0 /* Design Pattern.app */ = {isa = PBXFileReference; explicitFileType = wrapper.application; includeInIndex = 0; path = "Design Pattern.app"; sourceTree = BUILT_PRODUCTS_DIR; };
		F9D68C1F1D506D44002E60A0 /* main.m */ = {isa = PBXFileReference; lastKnownFileType = sourcecode.c.objc; path = main.m; sourceTree = "<group>"; };
		F9D68C211D506D44002E60A0 /* AppDelegate.h */ = {isa = PBXFileReference; lastKnownFileType = sourcecode.c.h; path = AppDelegate.h; sourceTree = "<group>"; };
		F9D68C221D506D44002E60A0 /* AppDelegate.m */ = {isa = PBXFileReference; lastKnownFileType = sourcecode.c.objc; path = AppDelegate.m; sourceTree = "<group>"; };
		F9D68C241D506D44002E60A0 /* ViewController.h */ = {isa = PBXFileReference; lastKnownFileType = sourcecode.c.h; path = ViewController.h; sourceTree = "<group>"; };
		F9D68C251D506D44002E60A0 /* ViewController.m */ = {isa = PBXFileReference; lastKnownFileType = sourcecode.c.objc; path = ViewController.m; sourceTree = "<group>"; };
		F9D68C281D506D44002E60A0 /* Base */ = {isa = PBXFileReference; lastKnownFileType = file.storyboard; name = Base; path = Base.lproj/Main.storyboard; sourceTree = "<group>"; };
		F9D68C2A1D506D44002E60A0 /* Assets.xcassets */ = {isa = PBXFileReference; lastKnownFileType = folder.assetcatalog; path = Assets.xcassets; sourceTree = "<group>"; };
		F9D68C2D1D506D44002E60A0 /* Base */ = {isa = PBXFileReference; lastKnownFileType = file.storyboard; name = Base; path = Base.lproj/LaunchScreen.storyboard; sourceTree = "<group>"; };
		F9D68C2F1D506D44002E60A0 /* Info.plist */ = {isa = PBXFileReference; lastKnownFileType = text.plist.xml; path = Info.plist; sourceTree = "<group>"; };
		F9D68C361D506DB7002E60A0 /* Operation.h */ = {isa = PBXFileReference; fileEncoding = 4; lastKnownFileType = sourcecode.c.h; path = Operation.h; sourceTree = "<group>"; };
		F9D68C371D506DB7002E60A0 /* Operation.m */ = {isa = PBXFileReference; fileEncoding = 4; lastKnownFileType = sourcecode.c.objc; path = Operation.m; sourceTree = "<group>"; };
		F9D68C391D506FF1002E60A0 /* OperationAdd.h */ = {isa = PBXFileReference; fileEncoding = 4; lastKnownFileType = sourcecode.c.h; path = OperationAdd.h; sourceTree = "<group>"; };
		F9D68C3A1D506FF1002E60A0 /* OperationAdd.m */ = {isa = PBXFileReference; fileEncoding = 4; lastKnownFileType = sourcecode.c.objc; path = OperationAdd.m; sourceTree = "<group>"; };
		F9D68C3C1D507046002E60A0 /* OperationSub.h */ = {isa = PBXFileReference; fileEncoding = 4; lastKnownFileType = sourcecode.c.h; path = OperationSub.h; sourceTree = "<group>"; };
		F9D68C3D1D507046002E60A0 /* OperationSub.m */ = {isa = PBXFileReference; fileEncoding = 4; lastKnownFileType = sourcecode.c.objc; path = OperationSub.m; sourceTree = "<group>"; };
		F9D68C3F1D50706A002E60A0 /* OperationMul.h */ = {isa = PBXFileReference; fileEncoding = 4; lastKnownFileType = sourcecode.c.h; path = OperationMul.h; sourceTree = "<group>"; };
		F9D68C401D50706A002E60A0 /* OperationMul.m */ = {isa = PBXFileReference; fileEncoding = 4; lastKnownFileType = sourcecode.c.objc; path = OperationMul.m; sourceTree = "<group>"; };
		F9D68C421D5070AD002E60A0 /* OperationDiv.h */ = {isa = PBXFileReference; fileEncoding = 4; lastKnownFileType = sourcecode.c.h; path = OperationDiv.h; sourceTree = "<group>"; };
		F9D68C431D5070AD002E60A0 /* OperationDiv.m */ = {isa = PBXFileReference; fileEncoding = 4; lastKnownFileType = sourcecode.c.objc; path = OperationDiv.m; sourceTree = "<group>"; };
		F9D68C451D507126002E60A0 /* OperationFactory.h */ = {isa = PBXFileReference; fileEncoding = 4; lastKnownFileType = sourcecode.c.h; path = OperationFactory.h; sourceTree = "<group>"; };
		F9D68C461D507126002E60A0 /* OperationFactory.m */ = {isa = PBXFileReference; fileEncoding = 4; lastKnownFileType = sourcecode.c.objc; path = OperationFactory.m; sourceTree = "<group>"; };
		F9D68C481D50737C002E60A0 /* SampleFactroyClient.h */ = {isa = PBXFileReference; fileEncoding = 4; lastKnownFileType = sourcecode.c.h; path = SampleFactroyClient.h; sourceTree = "<group>"; };
		F9D68C491D50737C002E60A0 /* SampleFactroyClient.m */ = {isa = PBXFileReference; fileEncoding = 4; lastKnownFileType = sourcecode.c.objc; path = SampleFactroyClient.m; sourceTree = "<group>"; };
		F9F488301D52E09E0029EFB9 /* Singleton.h */ = {isa = PBXFileReference; fileEncoding = 4; lastKnownFileType = sourcecode.c.h; path = Singleton.h; sourceTree = "<group>"; };
		F9F488311D52E09E0029EFB9 /* Singleton.m */ = {isa = PBXFileReference; fileEncoding = 4; lastKnownFileType = sourcecode.c.objc; path = Singleton.m; sourceTree = "<group>"; };
		F9F488341D53163B0029EFB9 /* WorkExperience.h */ = {isa = PBXFileReference; fileEncoding = 4; lastKnownFileType = sourcecode.c.h; path = WorkExperience.h; sourceTree = "<group>"; };
		F9F488351D53163B0029EFB9 /* WorkExperience.m */ = {isa = PBXFileReference; fileEncoding = 4; lastKnownFileType = sourcecode.c.objc; path = WorkExperience.m; sourceTree = "<group>"; };
		F9F488371D5317F80029EFB9 /* Resume.h */ = {isa = PBXFileReference; fileEncoding = 4; lastKnownFileType = sourcecode.c.h; path = Resume.h; sourceTree = "<group>"; };
		F9F488381D5317F80029EFB9 /* Resume.m */ = {isa = PBXFileReference; fileEncoding = 4; lastKnownFileType = sourcecode.c.objc; path = Resume.m; sourceTree = "<group>"; };
		F9F4883A1D531B030029EFB9 /* ProtoTypeClient.h */ = {isa = PBXFileReference; fileEncoding = 4; lastKnownFileType = sourcecode.c.h; path = ProtoTypeClient.h; sourceTree = "<group>"; };
		F9F4883B1D531B030029EFB9 /* ProtoTypeClient.m */ = {isa = PBXFileReference; fileEncoding = 4; lastKnownFileType = sourcecode.c.objc; path = ProtoTypeClient.m; sourceTree = "<group>"; };
/* End PBXFileReference section */

/* Begin PBXFrameworksBuildPhase section */
		F9D68C181D506D44002E60A0 /* Frameworks */ = {
			isa = PBXFrameworksBuildPhase;
			buildActionMask = 2147483647;
			files = (
			);
			runOnlyForDeploymentPostprocessing = 0;
		};
/* End PBXFrameworksBuildPhase section */

/* Begin PBXGroup section */
		F90EB38C1D51D09700CCDD8D /* FactoryMethod */ = {
			isa = PBXGroup;
			children = (
				F90EB3A21D51D3AA00CCDD8D /* LeiFeng.h */,
				F90EB3A31D51D3EF00CCDD8D /* Undergraduate.h */,
				F90EB3A41D51D3EF00CCDD8D /* Undergraduate.m */,
				F90EB3A61D51D49F00CCDD8D /* Volenteer.h */,
				F90EB3A71D51D49F00CCDD8D /* Volenteer.m */,
				F90EB3AC1D51D55700CCDD8D /* LeiFengFactory.h */,
				F90EB3AD1D51D5A300CCDD8D /* UndergraduateFactory.h */,
				F90EB3AE1D51D5A300CCDD8D /* UndergraduateFactory.m */,
				F90EB3B01D51D67600CCDD8D /* VolenteerFactory.h */,
				F90EB3B11D51D67600CCDD8D /* VolenteerFactory.m */,
				F90EB3B31D51D75C00CCDD8D /* FactoryMethodClient.h */,
				F90EB3B41D51D75C00CCDD8D /* FactoryMethodClient.m */,
			);
			name = FactoryMethod;
			sourceTree = "<group>";
		};
		F90EB3B61D51E53F00CCDD8D /* AbstractFactoryMethod */ = {
			isa = PBXGroup;
			children = (
				F90EB3B91D51E69600CCDD8D /* User.h */,
				F90EB3BA1D51E69600CCDD8D /* User.m */,
				F90EB3BF1D51E6B300CCDD8D /* Department.h */,
				F90EB3C01D51E6B300CCDD8D /* Department.m */,
				F90EB3B71D51E5F100CCDD8D /* IFactory.h */,
				F90EB3B81D51E61B00CCDD8D /* IUser.h */,
				F90EB3C21D51E75E00CCDD8D /* IDepartment.h */,
				F90EB3C31D51E7FA00CCDD8D /* SqlServerUser.h */,
				F90EB3C41D51E7FA00CCDD8D /* SqlServerUser.m */,
				F90EB3C61D51E82100CCDD8D /* AccessUser.h */,
				F90EB3C71D51E82100CCDD8D /* AccessUser.m */,
				F90EB3C91D51E93D00CCDD8D /* SqlServerDepartment.h */,
				F90EB3CA1D51E93D00CCDD8D /* SqlServerDepartment.m */,
				F90EB3CC1D51E94C00CCDD8D /* AccessDepartment.h */,
				F90EB3CD1D51E94C00CCDD8D /* AccessDepartment.m */,
				F90EB3CF1D51EA8F00CCDD8D /* SqlServerFactory.h */,
				F90EB3D01D51EA8F00CCDD8D /* SqlServerFactory.m */,
				F90EB3D21D51EA9B00CCDD8D /* AccessFactory.h */,
				F90EB3D31D51EA9B00CCDD8D /* AccessFactory.m */,
				F90EB3D51D51ED4900CCDD8D /* DataAccess.h */,
				F90EB3D61D51ED4900CCDD8D /* DataAccess.m */,
			);
			name = AbstractFactoryMethod;
			sourceTree = "<group>";
		};
		F96F125D1D542A8C0083195D /* Builder */ = {
			isa = PBXGroup;
			children = (
				F96F125E1D542AD60083195D /* Product.h */,
				F96F125F1D542AD60083195D /* Product.m */,
				F96F12611D542BD90083195D /* Builder.h */,
				F96F12621D542C650083195D /* ConcreteBuilder1.h */,
				F96F12631D542C650083195D /* ConcreteBuilder1.m */,
				F96F12651D542D990083195D /* ConcreteBuilder2.h */,
				F96F12661D542D990083195D /* ConcreteBuilder2.m */,
				F96F12681D542E3B0083195D /* Director.h */,
				F96F12691D542E3B0083195D /* Director.m */,
				F96F126B1D542ECD0083195D /* BuilderClient.h */,
				F96F126C1D542ECD0083195D /* BuilderClient.m */,
			);
			name = Builder;
			sourceTree = "<group>";
		};
		F96F126E1D547B5F0083195D /* Adapter */ = {
			isa = PBXGroup;
			children = (
				F96F126F1D547B950083195D /* Target.h */,
				F96F12701D547B950083195D /* Target.m */,
				F96F12721D547BD30083195D /* Adaptee.h */,
				F96F12731D547BD30083195D /* Adaptee.m */,
				F96F12781D547C230083195D /* Adapter.h */,
				F96F12791D547C230083195D /* Adapter.m */,
				F96F127B1D547CAC0083195D /* AdapterClient.h */,
				F96F127C1D547CAC0083195D /* AdapterClient.m */,
			);
			name = Adapter;
			sourceTree = "<group>";
		};
		F9D68C121D506D44002E60A0 = {
			isa = PBXGroup;
			children = (
				F9D68C1D1D506D44002E60A0 /* Design Pattern */,
				F9D68C1C1D506D44002E60A0 /* Products */,
			);
			sourceTree = "<group>";
		};
		F9D68C1C1D506D44002E60A0 /* Products */ = {
			isa = PBXGroup;
			children = (
				F9D68C1B1D506D44002E60A0 /* Design Pattern.app */,
			);
			name = Products;
			sourceTree = "<group>";
		};
		F9D68C1D1D506D44002E60A0 /* Design Pattern */ = {
			isa = PBXGroup;
			children = (
				F9D68C351D506D55002E60A0 /* SampleFactory */,
				F90EB38C1D51D09700CCDD8D /* FactoryMethod */,
				F90EB3B61D51E53F00CCDD8D /* AbstractFactoryMethod */,
				F9F4882F1D52E0830029EFB9 /* Singleton */,
				F9F488331D5315B40029EFB9 /* ProtoType */,
				F96F125D1D542A8C0083195D /* Builder */,
				F9D68C1E1D506D44002E60A0 /* Supporting Files */,
				F96F126E1D547B5F0083195D /* Adapter */,
			);
			path = "Design Pattern";
			sourceTree = "<group>";
		};
		F9D68C1E1D506D44002E60A0 /* Supporting Files */ = {
			isa = PBXGroup;
			children = (
				F9D68C211D506D44002E60A0 /* AppDelegate.h */,
				F9D68C221D506D44002E60A0 /* AppDelegate.m */,
				F9D68C241D506D44002E60A0 /* ViewController.h */,
				F9D68C251D506D44002E60A0 /* ViewController.m */,
				F9D68C271D506D44002E60A0 /* Main.storyboard */,
				F9D68C2A1D506D44002E60A0 /* Assets.xcassets */,
				F9D68C2C1D506D44002E60A0 /* LaunchScreen.storyboard */,
				F9D68C2F1D506D44002E60A0 /* Info.plist */,
				F9D68C1F1D506D44002E60A0 /* main.m */,
			);
			name = "Supporting Files";
			sourceTree = "<group>";
		};
		F9D68C351D506D55002E60A0 /* SampleFactory */ = {
			isa = PBXGroup;
			children = (
				F9D68C361D506DB7002E60A0 /* Operation.h */,
				F9D68C371D506DB7002E60A0 /* Operation.m */,
				F9D68C391D506FF1002E60A0 /* OperationAdd.h */,
				F9D68C3A1D506FF1002E60A0 /* OperationAdd.m */,
				F9D68C3C1D507046002E60A0 /* OperationSub.h */,
				F9D68C3D1D507046002E60A0 /* OperationSub.m */,
				F9D68C3F1D50706A002E60A0 /* OperationMul.h */,
				F9D68C401D50706A002E60A0 /* OperationMul.m */,
				F9D68C421D5070AD002E60A0 /* OperationDiv.h */,
				F9D68C431D5070AD002E60A0 /* OperationDiv.m */,
				F9D68C451D507126002E60A0 /* OperationFactory.h */,
				F9D68C461D507126002E60A0 /* OperationFactory.m */,
				F9D68C481D50737C002E60A0 /* SampleFactroyClient.h */,
				F9D68C491D50737C002E60A0 /* SampleFactroyClient.m */,
			);
			name = SampleFactory;
			sourceTree = "<group>";
		};
		F9F4882F1D52E0830029EFB9 /* Singleton */ = {
			isa = PBXGroup;
			children = (
				F9F488301D52E09E0029EFB9 /* Singleton.h */,
				F9F488311D52E09E0029EFB9 /* Singleton.m */,
			);
			name = Singleton;
			sourceTree = "<group>";
		};
		F9F488331D5315B40029EFB9 /* ProtoType */ = {
			isa = PBXGroup;
			children = (
				F9F488341D53163B0029EFB9 /* WorkExperience.h */,
				F9F488351D53163B0029EFB9 /* WorkExperience.m */,
				F9F488371D5317F80029EFB9 /* Resume.h */,
				F9F488381D5317F80029EFB9 /* Resume.m */,
				F9F4883A1D531B030029EFB9 /* ProtoTypeClient.h */,
				F9F4883B1D531B030029EFB9 /* ProtoTypeClient.m */,
			);
			name = ProtoType;
			sourceTree = "<group>";
		};
/* End PBXGroup section */

/* Begin PBXNativeTarget section */
		F9D68C1A1D506D44002E60A0 /* Design Pattern */ = {
			isa = PBXNativeTarget;
			buildConfigurationList = F9D68C321D506D44002E60A0 /* Build configuration list for PBXNativeTarget "Design Pattern" */;
			buildPhases = (
				F9D68C171D506D44002E60A0 /* Sources */,
				F9D68C181D506D44002E60A0 /* Frameworks */,
				F9D68C191D506D44002E60A0 /* Resources */,
			);
			buildRules = (
			);
			dependencies = (
			);
			name = "Design Pattern";
			productName = "Design Pattern";
			productReference = F9D68C1B1D506D44002E60A0 /* Design Pattern.app */;
			productType = "com.apple.product-type.application";
		};
/* End PBXNativeTarget section */

/* Begin PBXProject section */
		F9D68C131D506D44002E60A0 /* Project object */ = {
			isa = PBXProject;
			attributes = {
				LastUpgradeCheck = 0730;
				ORGANIZATIONNAME = zhangsl;
				TargetAttributes = {
					F9D68C1A1D506D44002E60A0 = {
						CreatedOnToolsVersion = 7.3.1;
					};
				};
			};
			buildConfigurationList = F9D68C161D506D44002E60A0 /* Build configuration list for PBXProject "Design Pattern" */;
			compatibilityVersion = "Xcode 3.2";
			developmentRegion = English;
			hasScannedForEncodings = 0;
			knownRegions = (
				en,
				Base,
			);
			mainGroup = F9D68C121D506D44002E60A0;
			productRefGroup = F9D68C1C1D506D44002E60A0 /* Products */;
			projectDirPath = "";
			projectRoot = "";
			targets = (
				F9D68C1A1D506D44002E60A0 /* Design Pattern */,
			);
		};
/* End PBXProject section */

/* Begin PBXResourcesBuildPhase section */
		F9D68C191D506D44002E60A0 /* Resources */ = {
			isa = PBXResourcesBuildPhase;
			buildActionMask = 2147483647;
			files = (
				F9D68C2E1D506D44002E60A0 /* LaunchScreen.storyboard in Resources */,
				F9D68C2B1D506D44002E60A0 /* Assets.xcassets in Resources */,
				F9D68C291D506D44002E60A0 /* Main.storyboard in Resources */,
			);
			runOnlyForDeploymentPostprocessing = 0;
		};
/* End PBXResourcesBuildPhase section */

/* Begin PBXSourcesBuildPhase section */
		F9D68C171D506D44002E60A0 /* Sources */ = {
			isa = PBXSourcesBuildPhase;
			buildActionMask = 2147483647;
			files = (
				F90EB3BB1D51E69600CCDD8D /* User.m in Sources */,
				F96F126A1D542E3B0083195D /* Director.m in Sources */,
				F9D68C411D50706A002E60A0 /* OperationMul.m in Sources */,
				F90EB3B51D51D75C00CCDD8D /* FactoryMethodClient.m in Sources */,
				F90EB3D71D51ED4900CCDD8D /* DataAccess.m in Sources */,
				F90EB3D41D51EA9B00CCDD8D /* AccessFactory.m in Sources */,
				F90EB3C81D51E82100CCDD8D /* AccessUser.m in Sources */,
				F96F12601D542AD60083195D /* Product.m in Sources */,
				F9D68C3E1D507046002E60A0 /* OperationSub.m in Sources */,
				F96F127A1D547C230083195D /* Adapter.m in Sources */,
				F90EB3C11D51E6B300CCDD8D /* Department.m in Sources */,
				F90EB3AF1D51D5A300CCDD8D /* UndergraduateFactory.m in Sources */,
				F9F4883C1D531B030029EFB9 /* ProtoTypeClient.m in Sources */,
				F96F12711D547B950083195D /* Target.m in Sources */,
				F9F488321D52E09E0029EFB9 /* Singleton.m in Sources */,
				F9F488361D53163B0029EFB9 /* WorkExperience.m in Sources */,
				F90EB3CB1D51E93D00CCDD8D /* SqlServerDepartment.m in Sources */,
				F9D68C261D506D44002E60A0 /* ViewController.m in Sources */,
				F90EB3A51D51D3EF00CCDD8D /* Undergraduate.m in Sources */,
				F96F12671D542D990083195D /* ConcreteBuilder2.m in Sources */,
				F96F12741D547BD30083195D /* Adaptee.m in Sources */,
				F96F12641D542C650083195D /* ConcreteBuilder1.m in Sources */,
				F9D68C231D506D44002E60A0 /* AppDelegate.m in Sources */,
				F9D68C201D506D44002E60A0 /* main.m in Sources */,
				F90EB3C51D51E7FA00CCDD8D /* SqlServerUser.m in Sources */,
				F9D68C471D507126002E60A0 /* OperationFactory.m in Sources */,
				F9D68C441D5070AD002E60A0 /* OperationDiv.m in Sources */,
				F96F127D1D547CAC0083195D /* AdapterClient.m in Sources */,
				F90EB3B21D51D67600CCDD8D /* VolenteerFactory.m in Sources */,
				F90EB3D11D51EA8F00CCDD8D /* SqlServerFactory.m in Sources */,
				F9D68C4A1D50737C002E60A0 /* SampleFactroyClient.m in Sources */,
				F90EB3CE1D51E94C00CCDD8D /* AccessDepartment.m in Sources */,
				F96F126D1D542ECD0083195D /* BuilderClient.m in Sources */,
				F9D68C381D506DB7002E60A0 /* Operation.m in Sources */,
				F90EB3A81D51D49F00CCDD8D /* Volenteer.m in Sources */,
				F9F488391D5317F80029EFB9 /* Resume.m in Sources */,
				F9D68C3B1D506FF1002E60A0 /* OperationAdd.m in Sources */,
			);
			runOnlyForDeploymentPostprocessing = 0;
		};
/* End PBXSourcesBuildPhase section */

/* Begin PBXVariantGroup section */
		F9D68C271D506D44002E60A0 /* Main.storyboard */ = {
			isa = PBXVariantGroup;
			children = (
				F9D68C281D506D44002E60A0 /* Base */,
			);
			name = Main.storyboard;
			sourceTree = "<group>";
		};
		F9D68C2C1D506D44002E60A0 /* LaunchScreen.storyboard */ = {
			isa = PBXVariantGroup;
			children = (
				F9D68C2D1D506D44002E60A0 /* Base */,
			);
			name = LaunchScreen.storyboard;
			sourceTree = "<group>";
		};
/* End PBXVariantGroup section */

/* Begin XCBuildConfiguration section */
		F9D68C301D506D44002E60A0 /* Debug */ = {
			isa = XCBuildConfiguration;
			buildSettings = {
				ALWAYS_SEARCH_USER_PATHS = NO;
				CLANG_ANALYZER_NONNULL = YES;
				CLANG_CXX_LANGUAGE_STANDARD = "gnu++0x";
				CLANG_CXX_LIBRARY = "libc++";
				CLANG_ENABLE_MODULES = YES;
				CLANG_ENABLE_OBJC_ARC = YES;
				CLANG_WARN_BOOL_CONVERSION = YES;
				CLANG_WARN_CONSTANT_CONVERSION = YES;
				CLANG_WARN_DIRECT_OBJC_ISA_USAGE = YES_ERROR;
				CLANG_WARN_EMPTY_BODY = YES;
				CLANG_WARN_ENUM_CONVERSION = YES;
				CLANG_WARN_INT_CONVERSION = YES;
				CLANG_WARN_OBJC_ROOT_CLASS = YES_ERROR;
				CLANG_WARN_UNREACHABLE_CODE = YES;
				CLANG_WARN__DUPLICATE_METHOD_MATCH = YES;
				"CODE_SIGN_IDENTITY[sdk=iphoneos*]" = "iPhone Developer";
				COPY_PHASE_STRIP = NO;
				DEBUG_INFORMATION_FORMAT = dwarf;
				ENABLE_STRICT_OBJC_MSGSEND = YES;
				ENABLE_TESTABILITY = YES;
				GCC_C_LANGUAGE_STANDARD = gnu99;
				GCC_DYNAMIC_NO_PIC = NO;
				GCC_NO_COMMON_BLOCKS = YES;
				GCC_OPTIMIZATION_LEVEL = 0;
				GCC_PREPROCESSOR_DEFINITIONS = (
					"DEBUG=1",
					"$(inherited)",
				);
				GCC_WARN_64_TO_32_BIT_CONVERSION = YES;
				GCC_WARN_ABOUT_RETURN_TYPE = YES_ERROR;
				GCC_WARN_UNDECLARED_SELECTOR = YES;
				GCC_WARN_UNINITIALIZED_AUTOS = YES_AGGRESSIVE;
				GCC_WARN_UNUSED_FUNCTION = YES;
				GCC_WARN_UNUSED_VARIABLE = YES;
				IPHONEOS_DEPLOYMENT_TARGET = 9.3;
				MTL_ENABLE_DEBUG_INFO = YES;
				ONLY_ACTIVE_ARCH = YES;
				SDKROOT = iphoneos;
				TARGETED_DEVICE_FAMILY = "1,2";
			};
			name = Debug;
		};
		F9D68C311D506D44002E60A0 /* Release */ = {
			isa = XCBuildConfiguration;
			buildSettings = {
				ALWAYS_SEARCH_USER_PATHS = NO;
				CLANG_ANALYZER_NONNULL = YES;
				CLANG_CXX_LANGUAGE_STANDARD = "gnu++0x";
				CLANG_CXX_LIBRARY = "libc++";
				CLANG_ENABLE_MODULES = YES;
				CLANG_ENABLE_OBJC_ARC = YES;
				CLANG_WARN_BOOL_CONVERSION = YES;
				CLANG_WARN_CONSTANT_CONVERSION = YES;
				CLANG_WARN_DIRECT_OBJC_ISA_USAGE = YES_ERROR;
				CLANG_WARN_EMPTY_BODY = YES;
				CLANG_WARN_ENUM_CONVERSION = YES;
				CLANG_WARN_INT_CONVERSION = YES;
				CLANG_WARN_OBJC_ROOT_CLASS = YES_ERROR;
				CLANG_WARN_UNREACHABLE_CODE = YES;
				CLANG_WARN__DUPLICATE_METHOD_MATCH = YES;
				"CODE_SIGN_IDENTITY[sdk=iphoneos*]" = "iPhone Developer";
				COPY_PHASE_STRIP = NO;
				DEBUG_INFORMATION_FORMAT = "dwarf-with-dsym";
				ENABLE_NS_ASSERTIONS = NO;
				ENABLE_STRICT_OBJC_MSGSEND = YES;
				GCC_C_LANGUAGE_STANDARD = gnu99;
				GCC_NO_COMMON_BLOCKS = YES;
				GCC_WARN_64_TO_32_BIT_CONVERSION = YES;
				GCC_WARN_ABOUT_RETURN_TYPE = YES_ERROR;
				GCC_WARN_UNDECLARED_SELECTOR = YES;
				GCC_WARN_UNINITIALIZED_AUTOS = YES_AGGRESSIVE;
				GCC_WARN_UNUSED_FUNCTION = YES;
				GCC_WARN_UNUSED_VARIABLE = YES;
				IPHONEOS_DEPLOYMENT_TARGET = 9.3;
				MTL_ENABLE_DEBUG_INFO = NO;
				SDKROOT = iphoneos;
				TARGETED_DEVICE_FAMILY = "1,2";
				VALIDATE_PRODUCT = YES;
			};
			name = Release;
		};
		F9D68C331D506D44002E60A0 /* Debug */ = {
			isa = XCBuildConfiguration;
			buildSettings = {
				ASSETCATALOG_COMPILER_APPICON_NAME = AppIcon;
				INFOPLIST_FILE = "Design Pattern/Info.plist";
				LD_RUNPATH_SEARCH_PATHS = "$(inherited) @executable_path/Frameworks";
				PRODUCT_BUNDLE_IDENTIFIER = "zhangsl.Design-Pattern";
				PRODUCT_NAME = "$(TARGET_NAME)";
			};
			name = Debug;
		};
		F9D68C341D506D44002E60A0 /* Release */ = {
			isa = XCBuildConfiguration;
			buildSettings = {
				ASSETCATALOG_COMPILER_APPICON_NAME = AppIcon;
				INFOPLIST_FILE = "Design Pattern/Info.plist";
				LD_RUNPATH_SEARCH_PATHS = "$(inherited) @executable_path/Frameworks";
				PRODUCT_BUNDLE_IDENTIFIER = "zhangsl.Design-Pattern";
				PRODUCT_NAME = "$(TARGET_NAME)";
			};
			name = Release;
		};
/* End XCBuildConfiguration section */

/* Begin XCConfigurationList section */
		F9D68C161D506D44002E60A0 /* Build configuration list for PBXProject "Design Pattern" */ = {
			isa = XCConfigurationList;
			buildConfigurations = (
				F9D68C301D506D44002E60A0 /* Debug */,
				F9D68C311D506D44002E60A0 /* Release */,
			);
			defaultConfigurationIsVisible = 0;
			defaultConfigurationName = Release;
		};
		F9D68C321D506D44002E60A0 /* Build configuration list for PBXNativeTarget "Design Pattern" */ = {
			isa = XCConfigurationList;
			buildConfigurations = (
				F9D68C331D506D44002E60A0 /* Debug */,
				F9D68C341D506D44002E60A0 /* Release */,
			);
			defaultConfigurationIsVisible = 0;
			defaultConfigurationName = Release;
		};
/* End XCConfigurationList section */
	};
	rootObject = F9D68C131D506D44002E60A0 /* Project object */;
}
